# This file is autogenerated, do not edit; changes may be undone by the next 'dep ensure'.


[[projects]]
  name = "github.com/codegangsta/cli"
  packages = ["."]
  revision = "ad480243a8a6cda30acf7cd999ea3e5142154fde"

[[projects]]
  name = "github.com/fatih/color"
  packages = ["."]
  revision = "1b35f289c47d5c73c398cea8e006b7bcb6234a96"
  version = "v0.1"

[[projects]]
  name = "github.com/shiena/ansicolor"
  packages = ["."]
  revision = "264b0566801533988151a23fc5f75d66d831d6ae"

[[projects]]
  name = "gopkg.in/yaml.v2"
  packages = ["."]
  revision = "7ad95dd0798a40da1ccdff6dff35fd177b5edf40"

[solve-meta]
  analyzer-name = "dep"
  analyzer-version = 1
  inputs-digest = "80712c3a585d1146efdd78addec26ecb3cf2d022bb7581aafa9efdd91b621adb"
  solver-name = "gps-cdcl"
  solver-version = 1
